
Microsoft Visual Studio Solution File, Format Version 12.00
# Visual Studio 14
VisualStudioVersion = 14.0.25123.0
MinimumVisualStudioVersion = 10.0.40219.1
Project("{FAE04EC0-301F-11D3-BF4B-00C04F79EFBC}") = "CorityCodingScenario", "CorityCodingScenario\CorityCodingScenario.csproj", "{731B8B69-669A-467C-9E1D-629A0C651D98}"
EndProject
Project("{FAE04EC0-301F-11D3-BF4B-00C04F79EFBC}") = "CorityCodingScenarioTest", "CorityCodingScenarioTest\CorityCodingScenarioTest.csproj", "{02C37554-A3F2-4B4F-8E58-EE86F8757761}"
EndProject
Global
	GlobalSection(SolutionConfigurationPlatforms) = preSolution
		Debug|Any CPU = Debug|Any CPU
		Release|Any CPU = Release|Any CPU
	EndGlobalSection
	GlobalSection(ProjectConfigurationPlatforms) = postSolution
		{731B8B69-669A-467C-9E1D-629A0C651D98}.Debug|Any CPU.ActiveCfg = Debug|Any CPU
		{731B8B69-669A-467C-9E1D-629A0C651D98}.Debug|Any CPU.Build.0 = Debug|Any CPU
		{731B8B69-669A-467C-9E1D-629A0C651D98}.Release|Any CPU.ActiveCfg = Release|Any CPU
		{731B8B69-669A-467C-9E1D-629A0C651D98}.Release|Any CPU.Build.0 = Release|Any CPU
		{02C37554-A3F2-4B4F-8E58-EE86F8757761}.Debug|Any CPU.ActiveCfg = Debug|Any CPU
		{02C37554-A3F2-4B4F-8E58-EE86F8757761}.Debug|Any CPU.Build.0 = Debug|Any CPU
		{02C37554-A3F2-4B4F-8E58-EE86F8757761}.Release|Any CPU.ActiveCfg = Release|Any CPU
		{02C37554-A3F2-4B4F-8E58-EE86F8757761}.Release|Any CPU.Build.0 = Release|Any CPU
	EndGlobalSection
	GlobalSection(SolutionProperties) = preSolution
		HideSolutionNode = FALSE
	EndGlobalSection
EndGlobal
